
Microsoft Visual Studio Solution File, Format Version 12.00
# Visual Studio 15
VisualStudioVersion = 15.0.27130.2027
MinimumVisualStudioVersion = 10.0.40219.1
Project("{FAE04EC0-301F-11D3-BF4B-00C04F79EFBC}") = "HelloWorld", "HelloWorld\HelloWorld.csproj", "{05076955-AC60-4121-94BB-2E5044DCD37C}"
EndProject
Global
	GlobalSection(SolutionConfigurationPlatforms) = preSolution
		Debug|Any CPU = Debug|Any CPU
		Release|Any CPU = Release|Any CPU
	EndGlobalSection
	GlobalSection(ProjectConfigurationPlatforms) = postSolution
		{05076955-AC60-4121-94BB-2E5044DCD37C}.Debug|Any CPU.ActiveCfg = Debug|Any CPU
		{05076955-AC60-4121-94BB-2E5044DCD37C}.Debug|Any CPU.Build.0 = Debug|Any CPU
		{05076955-AC60-4121-94BB-2E5044DCD37C}.Release|Any CPU.ActiveCfg = Release|Any CPU
		{05076955-AC60-4121-94BB-2E5044DCD37C}.Release|Any CPU.Build.0 = Release|Any CPU
	EndGlobalSection
	GlobalSection(SolutionProperties) = preSolution
		HideSolutionNode = FALSE
	EndGlobalSection
	GlobalSection(ExtensibilityGlobals) = postSolution
		SolutionGuid = {D7F11A16-31D9-44C4-B65B-8E50A8A91FE1}
	EndGlobalSection
EndGlobal
